// !$*UTF8*$!
{
	archiveVersion = 1;
	classes = {
	};
	objectVersion = 56;
	objects = {

/* Begin PBXBuildFile section */
		D507DA5B2A13FDE800D1DA99 /* TitleCollectionViewCell.swift in Sources */ = {isa = PBXBuildFile; fileRef = D507DA5A2A13FDE800D1DA99 /* TitleCollectionViewCell.swift */; };
		D507DA5E2A14025F00D1DA99 /* SDWebImage in Frameworks */ = {isa = PBXBuildFile; productRef = D507DA5D2A14025F00D1DA99 /* SDWebImage */; };
		D507DA602A14025F00D1DA99 /* SDWebImageMapKit in Frameworks */ = {isa = PBXBuildFile; productRef = D507DA5F2A14025F00D1DA99 /* SDWebImageMapKit */; };
		D51855E52A13CA20003E24C6 /* Extensions.swift in Sources */ = {isa = PBXBuildFile; fileRef = D51855E42A13CA20003E24C6 /* Extensions.swift */; };
		D52DF8EB2A1216D800000C28 /* HeroHeaderUIView.swift in Sources */ = {isa = PBXBuildFile; fileRef = D52DF8EA2A1216D800000C28 /* HeroHeaderUIView.swift */; };
		D5425D2E2A11094600EF9271 /* AppDelegate.swift in Sources */ = {isa = PBXBuildFile; fileRef = D5425D2D2A11094600EF9271 /* AppDelegate.swift */; };
		D5425D302A11094600EF9271 /* SceneDelegate.swift in Sources */ = {isa = PBXBuildFile; fileRef = D5425D2F2A11094600EF9271 /* SceneDelegate.swift */; };
		D5425D322A11094600EF9271 /* MainTabBarViewController.swift in Sources */ = {isa = PBXBuildFile; fileRef = D5425D312A11094600EF9271 /* MainTabBarViewController.swift */; };
		D5425D372A11094900EF9271 /* Assets.xcassets in Resources */ = {isa = PBXBuildFile; fileRef = D5425D362A11094900EF9271 /* Assets.xcassets */; };
		D5425D3A2A11094900EF9271 /* LaunchScreen.storyboard in Resources */ = {isa = PBXBuildFile; fileRef = D5425D382A11094900EF9271 /* LaunchScreen.storyboard */; };
		D5425D432A1110B200EF9271 /* HomeViewController.swift in Sources */ = {isa = PBXBuildFile; fileRef = D5425D422A1110B200EF9271 /* HomeViewController.swift */; };
		D5425D452A11110D00EF9271 /* UpcomingViewController.swift in Sources */ = {isa = PBXBuildFile; fileRef = D5425D442A11110D00EF9271 /* UpcomingViewController.swift */; };
		D5425D472A11114300EF9271 /* SearchViewController.swift in Sources */ = {isa = PBXBuildFile; fileRef = D5425D462A11114300EF9271 /* SearchViewController.swift */; };
		D5425D492A11118D00EF9271 /* DownloadsViewController.swift in Sources */ = {isa = PBXBuildFile; fileRef = D5425D482A11118D00EF9271 /* DownloadsViewController.swift */; };
		D559B7F72A151DD900CE3C1C /* TitleTableViewCell.swift in Sources */ = {isa = PBXBuildFile; fileRef = D559B7F62A151DD900CE3C1C /* TitleTableViewCell.swift */; };
		D559B7F92A1526FF00CE3C1C /* TitleViewModel.swift in Sources */ = {isa = PBXBuildFile; fileRef = D559B7F82A1526FF00CE3C1C /* TitleViewModel.swift */; };
		D579CA7A2A1393CA005229AD /* APICaller.swift in Sources */ = {isa = PBXBuildFile; fileRef = D579CA792A1393CA005229AD /* APICaller.swift */; };
		D579CA7C2A139F72005229AD /* Title.swift in Sources */ = {isa = PBXBuildFile; fileRef = D579CA7B2A139F72005229AD /* Title.swift */; };
		D5887BEF2A1151820008130F /* CollectionViewTableViewCell.swift in Sources */ = {isa = PBXBuildFile; fileRef = D5887BEE2A1151820008130F /* CollectionViewTableViewCell.swift */; };
		D595EDE02A160B4A0026E5D7 /* SearchResultsViewController.swift in Sources */ = {isa = PBXBuildFile; fileRef = D595EDDF2A160B4A0026E5D7 /* SearchResultsViewController.swift */; };
/* End PBXBuildFile section */

/* Begin PBXFileReference section */
		D507DA5A2A13FDE800D1DA99 /* TitleCollectionViewCell.swift */ = {isa = PBXFileReference; lastKnownFileType = sourcecode.swift; path = TitleCollectionViewCell.swift; sourceTree = "<group>"; };
		D51855E42A13CA20003E24C6 /* Extensions.swift */ = {isa = PBXFileReference; lastKnownFileType = sourcecode.swift; path = Extensions.swift; sourceTree = "<group>"; };
		D52DF8EA2A1216D800000C28 /* HeroHeaderUIView.swift */ = {isa = PBXFileReference; lastKnownFileType = sourcecode.swift; path = HeroHeaderUIView.swift; sourceTree = "<group>"; };
		D5425D2A2A11094600EF9271 /* Netflix Clone.app */ = {isa = PBXFileReference; explicitFileType = wrapper.application; includeInIndex = 0; path = "Netflix Clone.app"; sourceTree = BUILT_PRODUCTS_DIR; };
		D5425D2D2A11094600EF9271 /* AppDelegate.swift */ = {isa = PBXFileReference; lastKnownFileType = sourcecode.swift; path = AppDelegate.swift; sourceTree = "<group>"; };
		D5425D2F2A11094600EF9271 /* SceneDelegate.swift */ = {isa = PBXFileReference; lastKnownFileType = sourcecode.swift; path = SceneDelegate.swift; sourceTree = "<group>"; };
		D5425D312A11094600EF9271 /* MainTabBarViewController.swift */ = {isa = PBXFileReference; lastKnownFileType = sourcecode.swift; path = MainTabBarViewController.swift; sourceTree = "<group>"; };
		D5425D362A11094900EF9271 /* Assets.xcassets */ = {isa = PBXFileReference; lastKnownFileType = folder.assetcatalog; path = Assets.xcassets; sourceTree = "<group>"; };
		D5425D392A11094900EF9271 /* Base */ = {isa = PBXFileReference; lastKnownFileType = file.storyboard; name = Base; path = Base.lproj/LaunchScreen.storyboard; sourceTree = "<group>"; };
		D5425D3B2A11094900EF9271 /* Info.plist */ = {isa = PBXFileReference; lastKnownFileType = text.plist.xml; path = Info.plist; sourceTree = "<group>"; };
		D5425D422A1110B200EF9271 /* HomeViewController.swift */ = {isa = PBXFileReference; lastKnownFileType = sourcecode.swift; path = HomeViewController.swift; sourceTree = "<group>"; };
		D5425D442A11110D00EF9271 /* UpcomingViewController.swift */ = {isa = PBXFileReference; lastKnownFileType = sourcecode.swift; path = UpcomingViewController.swift; sourceTree = "<group>"; };
		D5425D462A11114300EF9271 /* SearchViewController.swift */ = {isa = PBXFileReference; lastKnownFileType = sourcecode.swift; path = SearchViewController.swift; sourceTree = "<group>"; };
		D5425D482A11118D00EF9271 /* DownloadsViewController.swift */ = {isa = PBXFileReference; lastKnownFileType = sourcecode.swift; path = DownloadsViewController.swift; sourceTree = "<group>"; };
		D559B7F62A151DD900CE3C1C /* TitleTableViewCell.swift */ = {isa = PBXFileReference; lastKnownFileType = sourcecode.swift; path = TitleTableViewCell.swift; sourceTree = "<group>"; };
		D559B7F82A1526FF00CE3C1C /* TitleViewModel.swift */ = {isa = PBXFileReference; lastKnownFileType = sourcecode.swift; path = TitleViewModel.swift; sourceTree = "<group>"; };
		D579CA792A1393CA005229AD /* APICaller.swift */ = {isa = PBXFileReference; lastKnownFileType = sourcecode.swift; path = APICaller.swift; sourceTree = "<group>"; };
		D579CA7B2A139F72005229AD /* Title.swift */ = {isa = PBXFileReference; lastKnownFileType = sourcecode.swift; path = Title.swift; sourceTree = "<group>"; };
		D5887BEE2A1151820008130F /* CollectionViewTableViewCell.swift */ = {isa = PBXFileReference; lastKnownFileType = sourcecode.swift; path = CollectionViewTableViewCell.swift; sourceTree = "<group>"; };
		D595EDDF2A160B4A0026E5D7 /* SearchResultsViewController.swift */ = {isa = PBXFileReference; lastKnownFileType = sourcecode.swift; path = SearchResultsViewController.swift; sourceTree = "<group>"; };
/* End PBXFileReference section */

/* Begin PBXFrameworksBuildPhase section */
		D5425D272A11094600EF9271 /* Frameworks */ = {
			isa = PBXFrameworksBuildPhase;
			buildActionMask = 2147483647;
			files = (
				D507DA602A14025F00D1DA99 /* SDWebImageMapKit in Frameworks */,
				D507DA5E2A14025F00D1DA99 /* SDWebImage in Frameworks */,
			);
			runOnlyForDeploymentPostprocessing = 0;
		};
/* End PBXFrameworksBuildPhase section */

/* Begin PBXGroup section */
		D5425D212A11094600EF9271 = {
			isa = PBXGroup;
			children = (
				D5425D2C2A11094600EF9271 /* Netflix Clone */,
				D5425D2B2A11094600EF9271 /* Products */,
			);
			sourceTree = "<group>";
		};
		D5425D2B2A11094600EF9271 /* Products */ = {
			isa = PBXGroup;
			children = (
				D5425D2A2A11094600EF9271 /* Netflix Clone.app */,
			);
			name = Products;
			sourceTree = "<group>";
		};
		D5425D2C2A11094600EF9271 /* Netflix Clone */ = {
			isa = PBXGroup;
			children = (
				D5887BED2A1150EB0008130F /* Managers */,
				D5887BEC2A1150CC0008130F /* Resources */,
				D5887BEB2A11507D0008130F /* Models */,
				D5887BE92A11501E0008130F /* Views */,
				D5887BEA2A1150470008130F /* ViewModels */,
				D5425D412A11103600EF9271 /* Controllers */,
				D5425D2D2A11094600EF9271 /* AppDelegate.swift */,
				D5425D2F2A11094600EF9271 /* SceneDelegate.swift */,
				D5425D362A11094900EF9271 /* Assets.xcassets */,
				D5425D382A11094900EF9271 /* LaunchScreen.storyboard */,
				D5425D3B2A11094900EF9271 /* Info.plist */,
			);
			path = "Netflix Clone";
			sourceTree = "<group>";
		};
		D5425D412A11103600EF9271 /* Controllers */ = {
			isa = PBXGroup;
			children = (
				D595EDE22A160C210026E5D7 /* General */,
				D595EDE12A160BA00026E5D7 /* Core */,
			);
			path = Controllers;
			sourceTree = "<group>";
		};
		D5887BE92A11501E0008130F /* Views */ = {
			isa = PBXGroup;
			children = (
				D5887BEE2A1151820008130F /* CollectionViewTableViewCell.swift */,
				D52DF8EA2A1216D800000C28 /* HeroHeaderUIView.swift */,
				D507DA5A2A13FDE800D1DA99 /* TitleCollectionViewCell.swift */,
				D559B7F62A151DD900CE3C1C /* TitleTableViewCell.swift */,
			);
			path = Views;
			sourceTree = "<group>";
		};
		D5887BEA2A1150470008130F /* ViewModels */ = {
			isa = PBXGroup;
			children = (
				D559B7F82A1526FF00CE3C1C /* TitleViewModel.swift */,
			);
			path = ViewModels;
			sourceTree = "<group>";
		};
		D5887BEB2A11507D0008130F /* Models */ = {
			isa = PBXGroup;
			children = (
				D579CA7B2A139F72005229AD /* Title.swift */,
			);
			path = Models;
			sourceTree = "<group>";
		};
		D5887BEC2A1150CC0008130F /* Resources */ = {
			isa = PBXGroup;
			children = (
				D51855E42A13CA20003E24C6 /* Extensions.swift */,
			);
			path = Resources;
			sourceTree = "<group>";
		};
		D5887BED2A1150EB0008130F /* Managers */ = {
			isa = PBXGroup;
			children = (
				D579CA792A1393CA005229AD /* APICaller.swift */,
			);
			path = Managers;
			sourceTree = "<group>";
		};
		D595EDE12A160BA00026E5D7 /* Core */ = {
			isa = PBXGroup;
			children = (
				D5425D422A1110B200EF9271 /* HomeViewController.swift */,
				D5425D442A11110D00EF9271 /* UpcomingViewController.swift */,
				D5425D462A11114300EF9271 /* SearchViewController.swift */,
				D5425D482A11118D00EF9271 /* DownloadsViewController.swift */,
				D5425D312A11094600EF9271 /* MainTabBarViewController.swift */,
			);
			path = Core;
			sourceTree = "<group>";
		};
		D595EDE22A160C210026E5D7 /* General */ = {
			isa = PBXGroup;
			children = (
				D595EDDF2A160B4A0026E5D7 /* SearchResultsViewController.swift */,
			);
			path = General;
			sourceTree = "<group>";
		};
/* End PBXGroup section */

/* Begin PBXNativeTarget section */
		D5425D292A11094600EF9271 /* Netflix Clone */ = {
			isa = PBXNativeTarget;
			buildConfigurationList = D5425D3E2A11094900EF9271 /* Build configuration list for PBXNativeTarget "Netflix Clone" */;
			buildPhases = (
				D5425D262A11094600EF9271 /* Sources */,
				D5425D272A11094600EF9271 /* Frameworks */,
				D5425D282A11094600EF9271 /* Resources */,
			);
			buildRules = (
			);
			dependencies = (
			);
			name = "Netflix Clone";
			packageProductDependencies = (
				D507DA5D2A14025F00D1DA99 /* SDWebImage */,
				D507DA5F2A14025F00D1DA99 /* SDWebImageMapKit */,
			);
			productName = "Netflix Clone";
			productReference = D5425D2A2A11094600EF9271 /* Netflix Clone.app */;
			productType = "com.apple.product-type.application";
		};
/* End PBXNativeTarget section */

/* Begin PBXProject section */
		D5425D222A11094600EF9271 /* Project object */ = {
			isa = PBXProject;
			attributes = {
				BuildIndependentTargetsInParallel = 1;
				LastSwiftUpdateCheck = 1430;
				LastUpgradeCheck = 1430;
				TargetAttributes = {
					D5425D292A11094600EF9271 = {
						CreatedOnToolsVersion = 14.3;
					};
				};
			};
			buildConfigurationList = D5425D252A11094600EF9271 /* Build configuration list for PBXProject "Netflix Clone" */;
			compatibilityVersion = "Xcode 14.0";
			developmentRegion = en;
			hasScannedForEncodings = 0;
			knownRegions = (
				en,
				Base,
			);
			mainGroup = D5425D212A11094600EF9271;
			packageReferences = (
				D507DA5C2A14025F00D1DA99 /* XCRemoteSwiftPackageReference "SDWebImage" */,
			);
			productRefGroup = D5425D2B2A11094600EF9271 /* Products */;
			projectDirPath = "";
			projectRoot = "";
			targets = (
				D5425D292A11094600EF9271 /* Netflix Clone */,
			);
		};
/* End PBXProject section */

/* Begin PBXResourcesBuildPhase section */
		D5425D282A11094600EF9271 /* Resources */ = {
			isa = PBXResourcesBuildPhase;
			buildActionMask = 2147483647;
			files = (
				D5425D3A2A11094900EF9271 /* LaunchScreen.storyboard in Resources */,
				D5425D372A11094900EF9271 /* Assets.xcassets in Resources */,
			);
			runOnlyForDeploymentPostprocessing = 0;
		};
/* End PBXResourcesBuildPhase section */

/* Begin PBXSourcesBuildPhase section */
		D5425D262A11094600EF9271 /* Sources */ = {
			isa = PBXSourcesBuildPhase;
			buildActionMask = 2147483647;
			files = (
				D559B7F72A151DD900CE3C1C /* TitleTableViewCell.swift in Sources */,
				D5425D472A11114300EF9271 /* SearchViewController.swift in Sources */,
				D507DA5B2A13FDE800D1DA99 /* TitleCollectionViewCell.swift in Sources */,
				D5425D322A11094600EF9271 /* MainTabBarViewController.swift in Sources */,
				D5887BEF2A1151820008130F /* CollectionViewTableViewCell.swift in Sources */,
				D579CA7A2A1393CA005229AD /* APICaller.swift in Sources */,
				D52DF8EB2A1216D800000C28 /* HeroHeaderUIView.swift in Sources */,
				D5425D492A11118D00EF9271 /* DownloadsViewController.swift in Sources */,
				D5425D2E2A11094600EF9271 /* AppDelegate.swift in Sources */,
				D595EDE02A160B4A0026E5D7 /* SearchResultsViewController.swift in Sources */,
				D51855E52A13CA20003E24C6 /* Extensions.swift in Sources */,
				D5425D302A11094600EF9271 /* SceneDelegate.swift in Sources */,
				D5425D452A11110D00EF9271 /* UpcomingViewController.swift in Sources */,
				D579CA7C2A139F72005229AD /* Title.swift in Sources */,
				D5425D432A1110B200EF9271 /* HomeViewController.swift in Sources */,
				D559B7F92A1526FF00CE3C1C /* TitleViewModel.swift in Sources */,
			);
			runOnlyForDeploymentPostprocessing = 0;
		};
/* End PBXSourcesBuildPhase section */

/* Begin PBXVariantGroup section */
		D5425D382A11094900EF9271 /* LaunchScreen.storyboard */ = {
			isa = PBXVariantGroup;
			children = (
				D5425D392A11094900EF9271 /* Base */,
			);
			name = LaunchScreen.storyboard;
			sourceTree = "<group>";
		};
/* End PBXVariantGroup section */

/* Begin XCBuildConfiguration section */
		D5425D3C2A11094900EF9271 /* Debug */ = {
			isa = XCBuildConfiguration;
			buildSettings = {
				ALWAYS_SEARCH_USER_PATHS = NO;
				CLANG_ANALYZER_NONNULL = YES;
				CLANG_ANALYZER_NUMBER_OBJECT_CONVERSION = YES_AGGRESSIVE;
				CLANG_CXX_LANGUAGE_STANDARD = "gnu++20";
				CLANG_ENABLE_MODULES = YES;
				CLANG_ENABLE_OBJC_ARC = YES;
				CLANG_ENABLE_OBJC_WEAK = YES;
				CLANG_WARN_BLOCK_CAPTURE_AUTORELEASING = YES;
				CLANG_WARN_BOOL_CONVERSION = YES;
				CLANG_WARN_COMMA = YES;
				CLANG_WARN_CONSTANT_CONVERSION = YES;
				CLANG_WARN_DEPRECATED_OBJC_IMPLEMENTATIONS = YES;
				CLANG_WARN_DIRECT_OBJC_ISA_USAGE = YES_ERROR;
				CLANG_WARN_DOCUMENTATION_COMMENTS = YES;
				CLANG_WARN_EMPTY_BODY = YES;
				CLANG_WARN_ENUM_CONVERSION = YES;
				CLANG_WARN_INFINITE_RECURSION = YES;
				CLANG_WARN_INT_CONVERSION = YES;
				CLANG_WARN_NON_LITERAL_NULL_CONVERSION = YES;
				CLANG_WARN_OBJC_IMPLICIT_RETAIN_SELF = YES;
				CLANG_WARN_OBJC_LITERAL_CONVERSION = YES;
				CLANG_WARN_OBJC_ROOT_CLASS = YES_ERROR;
				CLANG_WARN_QUOTED_INCLUDE_IN_FRAMEWORK_HEADER = YES;
				CLANG_WARN_RANGE_LOOP_ANALYSIS = YES;
				CLANG_WARN_STRICT_PROTOTYPES = YES;
				CLANG_WARN_SUSPICIOUS_MOVE = YES;
				CLANG_WARN_UNGUARDED_AVAILABILITY = YES_AGGRESSIVE;
				CLANG_WARN_UNREACHABLE_CODE = YES;
				CLANG_WARN__DUPLICATE_METHOD_MATCH = YES;
				COPY_PHASE_STRIP = NO;
				DEBUG_INFORMATION_FORMAT = dwarf;
				ENABLE_STRICT_OBJC_MSGSEND = YES;
				ENABLE_TESTABILITY = YES;
				GCC_C_LANGUAGE_STANDARD = gnu11;
				GCC_DYNAMIC_NO_PIC = NO;
				GCC_NO_COMMON_BLOCKS = YES;
				GCC_OPTIMIZATION_LEVEL = 0;
				GCC_PREPROCESSOR_DEFINITIONS = (
					"DEBUG=1",
					"$(inherited)",
				);
				GCC_WARN_64_TO_32_BIT_CONVERSION = YES;
				GCC_WARN_ABOUT_RETURN_TYPE = YES_ERROR;
				GCC_WARN_UNDECLARED_SELECTOR = YES;
				GCC_WARN_UNINITIALIZED_AUTOS = YES_AGGRESSIVE;
				GCC_WARN_UNUSED_FUNCTION = YES;
				GCC_WARN_UNUSED_VARIABLE = YES;
				IPHONEOS_DEPLOYMENT_TARGET = 16.4;
				MTL_ENABLE_DEBUG_INFO = INCLUDE_SOURCE;
				MTL_FAST_MATH = YES;
				ONLY_ACTIVE_ARCH = YES;
				SDKROOT = iphoneos;
				SWIFT_ACTIVE_COMPILATION_CONDITIONS = DEBUG;
				SWIFT_OPTIMIZATION_LEVEL = "-Onone";
			};
			name = Debug;
		};
		D5425D3D2A11094900EF9271 /* Release */ = {
			isa = XCBuildConfiguration;
			buildSettings = {
				ALWAYS_SEARCH_USER_PATHS = NO;
				CLANG_ANALYZER_NONNULL = YES;
				CLANG_ANALYZER_NUMBER_OBJECT_CONVERSION = YES_AGGRESSIVE;
				CLANG_CXX_LANGUAGE_STANDARD = "gnu++20";
				CLANG_ENABLE_MODULES = YES;
				CLANG_ENABLE_OBJC_ARC = YES;
				CLANG_ENABLE_OBJC_WEAK = YES;
				CLANG_WARN_BLOCK_CAPTURE_AUTORELEASING = YES;
				CLANG_WARN_BOOL_CONVERSION = YES;
				CLANG_WARN_COMMA = YES;
				CLANG_WARN_CONSTANT_CONVERSION = YES;
				CLANG_WARN_DEPRECATED_OBJC_IMPLEMENTATIONS = YES;
				CLANG_WARN_DIRECT_OBJC_ISA_USAGE = YES_ERROR;
				CLANG_WARN_DOCUMENTATION_COMMENTS = YES;
				CLANG_WARN_EMPTY_BODY = YES;
				CLANG_WARN_ENUM_CONVERSION = YES;
				CLANG_WARN_INFINITE_RECURSION = YES;
				CLANG_WARN_INT_CONVERSION = YES;
				CLANG_WARN_NON_LITERAL_NULL_CONVERSION = YES;
				CLANG_WARN_OBJC_IMPLICIT_RETAIN_SELF = YES;
				CLANG_WARN_OBJC_LITERAL_CONVERSION = YES;
				CLANG_WARN_OBJC_ROOT_CLASS = YES_ERROR;
				CLANG_WARN_QUOTED_INCLUDE_IN_FRAMEWORK_HEADER = YES;
				CLANG_WARN_RANGE_LOOP_ANALYSIS = YES;
				CLANG_WARN_STRICT_PROTOTYPES = YES;
				CLANG_WARN_SUSPICIOUS_MOVE = YES;
				CLANG_WARN_UNGUARDED_AVAILABILITY = YES_AGGRESSIVE;
				CLANG_WARN_UNREACHABLE_CODE = YES;
				CLANG_WARN__DUPLICATE_METHOD_MATCH = YES;
				COPY_PHASE_STRIP = NO;
				DEBUG_INFORMATION_FORMAT = "dwarf-with-dsym";
				ENABLE_NS_ASSERTIONS = NO;
				ENABLE_STRICT_OBJC_MSGSEND = YES;
				GCC_C_LANGUAGE_STANDARD = gnu11;
				GCC_NO_COMMON_BLOCKS = YES;
				GCC_WARN_64_TO_32_BIT_CONVERSION = YES;
				GCC_WARN_ABOUT_RETURN_TYPE = YES_ERROR;
				GCC_WARN_UNDECLARED_SELECTOR = YES;
				GCC_WARN_UNINITIALIZED_AUTOS = YES_AGGRESSIVE;
				GCC_WARN_UNUSED_FUNCTION = YES;
				GCC_WARN_UNUSED_VARIABLE = YES;
				IPHONEOS_DEPLOYMENT_TARGET = 16.4;
				MTL_ENABLE_DEBUG_INFO = NO;
				MTL_FAST_MATH = YES;
				SDKROOT = iphoneos;
				SWIFT_COMPILATION_MODE = wholemodule;
				SWIFT_OPTIMIZATION_LEVEL = "-O";
				VALIDATE_PRODUCT = YES;
			};
			name = Release;
		};
		D5425D3F2A11094900EF9271 /* Debug */ = {
			isa = XCBuildConfiguration;
			buildSettings = {
				ASSETCATALOG_COMPILER_APPICON_NAME = AppIcon;
				ASSETCATALOG_COMPILER_GLOBAL_ACCENT_COLOR_NAME = AccentColor;
				CODE_SIGN_STYLE = Automatic;
				CURRENT_PROJECT_VERSION = 1;
				DEVELOPMENT_TEAM = SZX373NG34;
				GENERATE_INFOPLIST_FILE = YES;
				INFOPLIST_FILE = "Netflix Clone/Info.plist";
				INFOPLIST_KEY_UIApplicationSupportsIndirectInputEvents = YES;
				INFOPLIST_KEY_UILaunchStoryboardName = LaunchScreen;
				INFOPLIST_KEY_UISupportedInterfaceOrientations_iPad = "UIInterfaceOrientationPortrait UIInterfaceOrientationPortraitUpsideDown UIInterfaceOrientationLandscapeLeft UIInterfaceOrientationLandscapeRight";
				INFOPLIST_KEY_UISupportedInterfaceOrientations_iPhone = "UIInterfaceOrientationPortrait UIInterfaceOrientationLandscapeLeft UIInterfaceOrientationLandscapeRight";
				IPHONEOS_DEPLOYMENT_TARGET = 15.0;
				LD_RUNPATH_SEARCH_PATHS = (
					"$(inherited)",
					"@executable_path/Frameworks",
				);
				MARKETING_VERSION = 1.0;
				PRODUCT_BUNDLE_IDENTIFIER = "com.40per-sCompany.Netflix-Clone";
				PRODUCT_NAME = "$(TARGET_NAME)";
				SWIFT_EMIT_LOC_STRINGS = YES;
				SWIFT_VERSION = 5.0;
				TARGETED_DEVICE_FAMILY = "1,2";
			};
			name = Debug;
		};
		D5425D402A11094900EF9271 /* Release */ = {
			isa = XCBuildConfiguration;
			buildSettings = {
				ASSETCATALOG_COMPILER_APPICON_NAME = AppIcon;
				ASSETCATALOG_COMPILER_GLOBAL_ACCENT_COLOR_NAME = AccentColor;
				CODE_SIGN_STYLE = Automatic;
				CURRENT_PROJECT_VERSION = 1;
				DEVELOPMENT_TEAM = SZX373NG34;
				GENERATE_INFOPLIST_FILE = YES;
				INFOPLIST_FILE = "Netflix Clone/Info.plist";
				INFOPLIST_KEY_UIApplicationSupportsIndirectInputEvents = YES;
				INFOPLIST_KEY_UILaunchStoryboardName = LaunchScreen;
				INFOPLIST_KEY_UISupportedInterfaceOrientations_iPad = "UIInterfaceOrientationPortrait UIInterfaceOrientationPortraitUpsideDown UIInterfaceOrientationLandscapeLeft UIInterfaceOrientationLandscapeRight";
				INFOPLIST_KEY_UISupportedInterfaceOrientations_iPhone = "UIInterfaceOrientationPortrait UIInterfaceOrientationLandscapeLeft UIInterfaceOrientationLandscapeRight";
				IPHONEOS_DEPLOYMENT_TARGET = 15.0;
				LD_RUNPATH_SEARCH_PATHS = (
					"$(inherited)",
					"@executable_path/Frameworks",
				);
				MARKETING_VERSION = 1.0;
				PRODUCT_BUNDLE_IDENTIFIER = "com.40per-sCompany.Netflix-Clone";
				PRODUCT_NAME = "$(TARGET_NAME)";
				SWIFT_EMIT_LOC_STRINGS = YES;
				SWIFT_VERSION = 5.0;
				TARGETED_DEVICE_FAMILY = "1,2";
			};
			name = Release;
		};
/* End XCBuildConfiguration section */

/* Begin XCConfigurationList section */
		D5425D252A11094600EF9271 /* Build configuration list for PBXProject "Netflix Clone" */ = {
			isa = XCConfigurationList;
			buildConfigurations = (
				D5425D3C2A11094900EF9271 /* Debug */,
				D5425D3D2A11094900EF9271 /* Release */,
			);
			defaultConfigurationIsVisible = 0;
			defaultConfigurationName = Release;
		};
		D5425D3E2A11094900EF9271 /* Build configuration list for PBXNativeTarget "Netflix Clone" */ = {
			isa = XCConfigurationList;
			buildConfigurations = (
				D5425D3F2A11094900EF9271 /* Debug */,
				D5425D402A11094900EF9271 /* Release */,
			);
			defaultConfigurationIsVisible = 0;
			defaultConfigurationName = Release;
		};
/* End XCConfigurationList section */

/* Begin XCRemoteSwiftPackageReference section */
		D507DA5C2A14025F00D1DA99 /* XCRemoteSwiftPackageReference "SDWebImage" */ = {
			isa = XCRemoteSwiftPackageReference;
			repositoryURL = "https://github.com/SDWebImage/SDWebImage.git";
			requirement = {
				kind = upToNextMajorVersion;
				minimumVersion = 5.0.0;
			};
		};
/* End XCRemoteSwiftPackageReference section */

/* Begin XCSwiftPackageProductDependency section */
		D507DA5D2A14025F00D1DA99 /* SDWebImage */ = {
			isa = XCSwiftPackageProductDependency;
			package = D507DA5C2A14025F00D1DA99 /* XCRemoteSwiftPackageReference "SDWebImage" */;
			productName = SDWebImage;
		};
		D507DA5F2A14025F00D1DA99 /* SDWebImageMapKit */ = {
			isa = XCSwiftPackageProductDependency;
			package = D507DA5C2A14025F00D1DA99 /* XCRemoteSwiftPackageReference "SDWebImage" */;
			productName = SDWebImageMapKit;
		};
/* End XCSwiftPackageProductDependency section */
	};
	rootObject = D5425D222A11094600EF9271 /* Project object */;
}
